
Microsoft Visual Studio Solution File, Format Version 12.00
# Visual Studio Version 17
VisualStudioVersion = 17.4.33403.182
MinimumVisualStudioVersion = 10.0.40219.1
Project("{FAE04EC0-301F-11D3-BF4B-00C04F79EFBC}") = "src", "src\src.csproj", "{BAF1C925-2F31-4BAC-B617-998C47C5252A}"
EndProject
Global
	GlobalSection(SolutionConfigurationPlatforms) = preSolution
		Debug|Any CPU = Debug|Any CPU
		Release|Any CPU = Release|Any CPU
	EndGlobalSection
	GlobalSection(ProjectConfigurationPlatforms) = postSolution
		{BAF1C925-2F31-4BAC-B617-998C47C5252A}.Debug|Any CPU.ActiveCfg = Debug|Any CPU
		{BAF1C925-2F31-4BAC-B617-998C47C5252A}.Debug|Any CPU.Build.0 = Debug|Any CPU
		{BAF1C925-2F31-4BAC-B617-998C47C5252A}.Release|Any CPU.ActiveCfg = Release|Any CPU
		{BAF1C925-2F31-4BAC-B617-998C47C5252A}.Release|Any CPU.Build.0 = Release|Any CPU
	EndGlobalSection
	GlobalSection(SolutionProperties) = preSolution
		HideSolutionNode = FALSE
	EndGlobalSection
	GlobalSection(ExtensibilityGlobals) = postSolution
		SolutionGuid = {D67CE252-80FD-4236-B189-D2FFDEE03209}
	EndGlobalSection
EndGlobal
